
Microsoft Visual Studio Solution File, Format Version 12.00
# Visual Studio Version 17
VisualStudioVersion = 17.6.33829.357
MinimumVisualStudioVersion = 10.0.40219.1
Project("{FAE04EC0-301F-11D3-BF4B-00C04F79EFBC}") = "Задание3_6", "Задание3_6\Задание3_6.csproj", "{1B205277-A424-438A-9E00-916B19F339EA}"
EndProject
Global
	GlobalSection(SolutionConfigurationPlatforms) = preSolution
		Debug|Any CPU = Debug|Any CPU
		Release|Any CPU = Release|Any CPU
	EndGlobalSection
	GlobalSection(ProjectConfigurationPlatforms) = postSolution
		{1B205277-A424-438A-9E00-916B19F339EA}.Debug|Any CPU.ActiveCfg = Debug|Any CPU
		{1B205277-A424-438A-9E00-916B19F339EA}.Debug|Any CPU.Build.0 = Debug|Any CPU
		{1B205277-A424-438A-9E00-916B19F339EA}.Release|Any CPU.ActiveCfg = Release|Any CPU
		{1B205277-A424-438A-9E00-916B19F339EA}.Release|Any CPU.Build.0 = Release|Any CPU
	EndGlobalSection
	GlobalSection(SolutionProperties) = preSolution
		HideSolutionNode = FALSE
	EndGlobalSection
	GlobalSection(ExtensibilityGlobals) = postSolution
		SolutionGuid = {6983ECDD-A63B-40BA-86E6-C9B8F38B3622}
	EndGlobalSection
EndGlobal
