
Microsoft Visual Studio Solution File, Format Version 12.00
# Visual Studio Version 17
VisualStudioVersion = 17.6.33829.357
MinimumVisualStudioVersion = 10.0.40219.1
Project("{FAE04EC0-301F-11D3-BF4B-00C04F79EFBC}") = "Егоренков_Задание7", "Егоренков_Задание7\Егоренков_Задание7.csproj", "{43199CEF-0394-45FD-BBE8-49BDDAC11BDD}"
EndProject
Global
	GlobalSection(SolutionConfigurationPlatforms) = preSolution
		Debug|Any CPU = Debug|Any CPU
		Release|Any CPU = Release|Any CPU
	EndGlobalSection
	GlobalSection(ProjectConfigurationPlatforms) = postSolution
		{43199CEF-0394-45FD-BBE8-49BDDAC11BDD}.Debug|Any CPU.ActiveCfg = Debug|Any CPU
		{43199CEF-0394-45FD-BBE8-49BDDAC11BDD}.Debug|Any CPU.Build.0 = Debug|Any CPU
		{43199CEF-0394-45FD-BBE8-49BDDAC11BDD}.Release|Any CPU.ActiveCfg = Release|Any CPU
		{43199CEF-0394-45FD-BBE8-49BDDAC11BDD}.Release|Any CPU.Build.0 = Release|Any CPU
	EndGlobalSection
	GlobalSection(SolutionProperties) = preSolution
		HideSolutionNode = FALSE
	EndGlobalSection
	GlobalSection(ExtensibilityGlobals) = postSolution
		SolutionGuid = {100258DE-57F0-41EB-9316-7FD6523357AA}
	EndGlobalSection
EndGlobal
