
Microsoft Visual Studio Solution File, Format Version 12.00
# Visual Studio Version 17
VisualStudioVersion = 17.6.33829.357
MinimumVisualStudioVersion = 10.0.40219.1
Project("{FAE04EC0-301F-11D3-BF4B-00C04F79EFBC}") = "Задание4_4", "Задание4_4\Задание4_4.csproj", "{89102B5B-3787-4906-86D3-8FB7C9A374C9}"
EndProject
Global
	GlobalSection(SolutionConfigurationPlatforms) = preSolution
		Debug|Any CPU = Debug|Any CPU
		Release|Any CPU = Release|Any CPU
	EndGlobalSection
	GlobalSection(ProjectConfigurationPlatforms) = postSolution
		{89102B5B-3787-4906-86D3-8FB7C9A374C9}.Debug|Any CPU.ActiveCfg = Debug|Any CPU
		{89102B5B-3787-4906-86D3-8FB7C9A374C9}.Debug|Any CPU.Build.0 = Debug|Any CPU
		{89102B5B-3787-4906-86D3-8FB7C9A374C9}.Release|Any CPU.ActiveCfg = Release|Any CPU
		{89102B5B-3787-4906-86D3-8FB7C9A374C9}.Release|Any CPU.Build.0 = Release|Any CPU
	EndGlobalSection
	GlobalSection(SolutionProperties) = preSolution
		HideSolutionNode = FALSE
	EndGlobalSection
	GlobalSection(ExtensibilityGlobals) = postSolution
		SolutionGuid = {9358FCCF-CBC3-43FB-8406-38A8C43D1AF5}
	EndGlobalSection
EndGlobal
