
Microsoft Visual Studio Solution File, Format Version 12.00
# Visual Studio Version 17
VisualStudioVersion = 17.6.33829.357
MinimumVisualStudioVersion = 10.0.40219.1
Project("{FAE04EC0-301F-11D3-BF4B-00C04F79EFBC}") = "Задание4_1", "Задание4_1\Задание4_1.csproj", "{1E4C2D0A-DF45-4946-B596-21B4FD6F035C}"
EndProject
Global
	GlobalSection(SolutionConfigurationPlatforms) = preSolution
		Debug|Any CPU = Debug|Any CPU
		Release|Any CPU = Release|Any CPU
	EndGlobalSection
	GlobalSection(ProjectConfigurationPlatforms) = postSolution
		{1E4C2D0A-DF45-4946-B596-21B4FD6F035C}.Debug|Any CPU.ActiveCfg = Debug|Any CPU
		{1E4C2D0A-DF45-4946-B596-21B4FD6F035C}.Debug|Any CPU.Build.0 = Debug|Any CPU
		{1E4C2D0A-DF45-4946-B596-21B4FD6F035C}.Release|Any CPU.ActiveCfg = Release|Any CPU
		{1E4C2D0A-DF45-4946-B596-21B4FD6F035C}.Release|Any CPU.Build.0 = Release|Any CPU
	EndGlobalSection
	GlobalSection(SolutionProperties) = preSolution
		HideSolutionNode = FALSE
	EndGlobalSection
	GlobalSection(ExtensibilityGlobals) = postSolution
		SolutionGuid = {CDE1B84E-A51D-4F5E-B862-217FEEFE7A40}
	EndGlobalSection
EndGlobal
