
Microsoft Visual Studio Solution File, Format Version 12.00
# Visual Studio Version 17
VisualStudioVersion = 17.6.33829.357
MinimumVisualStudioVersion = 10.0.40219.1
Project("{FAE04EC0-301F-11D3-BF4B-00C04F79EFBC}") = "Задание7_7", "Задание7_7\Задание7_7.csproj", "{9A69102A-D391-4A1B-91E4-45503FDCD7AB}"
EndProject
Global
	GlobalSection(SolutionConfigurationPlatforms) = preSolution
		Debug|Any CPU = Debug|Any CPU
		Release|Any CPU = Release|Any CPU
	EndGlobalSection
	GlobalSection(ProjectConfigurationPlatforms) = postSolution
		{9A69102A-D391-4A1B-91E4-45503FDCD7AB}.Debug|Any CPU.ActiveCfg = Debug|Any CPU
		{9A69102A-D391-4A1B-91E4-45503FDCD7AB}.Debug|Any CPU.Build.0 = Debug|Any CPU
		{9A69102A-D391-4A1B-91E4-45503FDCD7AB}.Release|Any CPU.ActiveCfg = Release|Any CPU
		{9A69102A-D391-4A1B-91E4-45503FDCD7AB}.Release|Any CPU.Build.0 = Release|Any CPU
	EndGlobalSection
	GlobalSection(SolutionProperties) = preSolution
		HideSolutionNode = FALSE
	EndGlobalSection
	GlobalSection(ExtensibilityGlobals) = postSolution
		SolutionGuid = {2AD4B243-97F2-4AF1-8F3A-E95EBDF571EC}
	EndGlobalSection
EndGlobal
