
Microsoft Visual Studio Solution File, Format Version 12.00
# Visual Studio Version 17
VisualStudioVersion = 17.6.33829.357
MinimumVisualStudioVersion = 10.0.40219.1
Project("{FAE04EC0-301F-11D3-BF4B-00C04F79EFBC}") = "Егоренков_Задание6", "Егоренков_Задание6\Егоренков_Задание6.csproj", "{56A70448-E3C7-4F94-973E-B4230998BBFF}"
EndProject
Global
	GlobalSection(SolutionConfigurationPlatforms) = preSolution
		Debug|Any CPU = Debug|Any CPU
		Release|Any CPU = Release|Any CPU
	EndGlobalSection
	GlobalSection(ProjectConfigurationPlatforms) = postSolution
		{56A70448-E3C7-4F94-973E-B4230998BBFF}.Debug|Any CPU.ActiveCfg = Debug|Any CPU
		{56A70448-E3C7-4F94-973E-B4230998BBFF}.Debug|Any CPU.Build.0 = Debug|Any CPU
		{56A70448-E3C7-4F94-973E-B4230998BBFF}.Release|Any CPU.ActiveCfg = Release|Any CPU
		{56A70448-E3C7-4F94-973E-B4230998BBFF}.Release|Any CPU.Build.0 = Release|Any CPU
	EndGlobalSection
	GlobalSection(SolutionProperties) = preSolution
		HideSolutionNode = FALSE
	EndGlobalSection
	GlobalSection(ExtensibilityGlobals) = postSolution
		SolutionGuid = {426B0C52-7377-4A06-89B5-090191A9CF8C}
	EndGlobalSection
EndGlobal
