
Microsoft Visual Studio Solution File, Format Version 12.00
# Visual Studio Version 17
VisualStudioVersion = 17.6.33829.357
MinimumVisualStudioVersion = 10.0.40219.1
Project("{FAE04EC0-301F-11D3-BF4B-00C04F79EFBC}") = "Задание2_5", "Задание2_5\Задание2_5.csproj", "{BBBDF992-5AB0-416B-9339-98C717462BBC}"
EndProject
Global
	GlobalSection(SolutionConfigurationPlatforms) = preSolution
		Debug|Any CPU = Debug|Any CPU
		Release|Any CPU = Release|Any CPU
	EndGlobalSection
	GlobalSection(ProjectConfigurationPlatforms) = postSolution
		{BBBDF992-5AB0-416B-9339-98C717462BBC}.Debug|Any CPU.ActiveCfg = Debug|Any CPU
		{BBBDF992-5AB0-416B-9339-98C717462BBC}.Debug|Any CPU.Build.0 = Debug|Any CPU
		{BBBDF992-5AB0-416B-9339-98C717462BBC}.Release|Any CPU.ActiveCfg = Release|Any CPU
		{BBBDF992-5AB0-416B-9339-98C717462BBC}.Release|Any CPU.Build.0 = Release|Any CPU
	EndGlobalSection
	GlobalSection(SolutionProperties) = preSolution
		HideSolutionNode = FALSE
	EndGlobalSection
	GlobalSection(ExtensibilityGlobals) = postSolution
		SolutionGuid = {F40FE3AB-7DB7-477F-A699-6BBC9ACD4386}
	EndGlobalSection
EndGlobal
