
Microsoft Visual Studio Solution File, Format Version 12.00
# Visual Studio Version 17
VisualStudioVersion = 17.6.33829.357
MinimumVisualStudioVersion = 10.0.40219.1
Project("{FAE04EC0-301F-11D3-BF4B-00C04F79EFBC}") = "Задание7_3", "Задание7_3\Задание7_3.csproj", "{8695DBA8-C97F-4B80-B4C2-7DED1F4C974D}"
EndProject
Global
	GlobalSection(SolutionConfigurationPlatforms) = preSolution
		Debug|Any CPU = Debug|Any CPU
		Release|Any CPU = Release|Any CPU
	EndGlobalSection
	GlobalSection(ProjectConfigurationPlatforms) = postSolution
		{8695DBA8-C97F-4B80-B4C2-7DED1F4C974D}.Debug|Any CPU.ActiveCfg = Debug|Any CPU
		{8695DBA8-C97F-4B80-B4C2-7DED1F4C974D}.Debug|Any CPU.Build.0 = Debug|Any CPU
		{8695DBA8-C97F-4B80-B4C2-7DED1F4C974D}.Release|Any CPU.ActiveCfg = Release|Any CPU
		{8695DBA8-C97F-4B80-B4C2-7DED1F4C974D}.Release|Any CPU.Build.0 = Release|Any CPU
	EndGlobalSection
	GlobalSection(SolutionProperties) = preSolution
		HideSolutionNode = FALSE
	EndGlobalSection
	GlobalSection(ExtensibilityGlobals) = postSolution
		SolutionGuid = {A6AB5E4B-83D9-49F0-830E-C1AA7F04D9A2}
	EndGlobalSection
EndGlobal
