
Microsoft Visual Studio Solution File, Format Version 12.00
# Visual Studio Version 17
VisualStudioVersion = 17.6.33829.357
MinimumVisualStudioVersion = 10.0.40219.1
Project("{FAE04EC0-301F-11D3-BF4B-00C04F79EFBC}") = "Задание3_2", "Задание3_2\Задание3_2.csproj", "{6FC744B6-754D-4328-AC29-2A5AEF901E49}"
EndProject
Global
	GlobalSection(SolutionConfigurationPlatforms) = preSolution
		Debug|Any CPU = Debug|Any CPU
		Release|Any CPU = Release|Any CPU
	EndGlobalSection
	GlobalSection(ProjectConfigurationPlatforms) = postSolution
		{6FC744B6-754D-4328-AC29-2A5AEF901E49}.Debug|Any CPU.ActiveCfg = Debug|Any CPU
		{6FC744B6-754D-4328-AC29-2A5AEF901E49}.Debug|Any CPU.Build.0 = Debug|Any CPU
		{6FC744B6-754D-4328-AC29-2A5AEF901E49}.Release|Any CPU.ActiveCfg = Release|Any CPU
		{6FC744B6-754D-4328-AC29-2A5AEF901E49}.Release|Any CPU.Build.0 = Release|Any CPU
	EndGlobalSection
	GlobalSection(SolutionProperties) = preSolution
		HideSolutionNode = FALSE
	EndGlobalSection
	GlobalSection(ExtensibilityGlobals) = postSolution
		SolutionGuid = {F5D7ED79-B52F-4313-A3E9-94506D3D02CE}
	EndGlobalSection
EndGlobal
