
Microsoft Visual Studio Solution File, Format Version 12.00
# Visual Studio Version 17
VisualStudioVersion = 17.6.33829.357
MinimumVisualStudioVersion = 10.0.40219.1
Project("{FAE04EC0-301F-11D3-BF4B-00C04F79EFBC}") = "Задание2_6", "Задание2_6\Задание2_6.csproj", "{C719C2C2-61F5-44C8-9019-D71475BEE0E8}"
EndProject
Global
	GlobalSection(SolutionConfigurationPlatforms) = preSolution
		Debug|Any CPU = Debug|Any CPU
		Release|Any CPU = Release|Any CPU
	EndGlobalSection
	GlobalSection(ProjectConfigurationPlatforms) = postSolution
		{C719C2C2-61F5-44C8-9019-D71475BEE0E8}.Debug|Any CPU.ActiveCfg = Debug|Any CPU
		{C719C2C2-61F5-44C8-9019-D71475BEE0E8}.Debug|Any CPU.Build.0 = Debug|Any CPU
		{C719C2C2-61F5-44C8-9019-D71475BEE0E8}.Release|Any CPU.ActiveCfg = Release|Any CPU
		{C719C2C2-61F5-44C8-9019-D71475BEE0E8}.Release|Any CPU.Build.0 = Release|Any CPU
	EndGlobalSection
	GlobalSection(SolutionProperties) = preSolution
		HideSolutionNode = FALSE
	EndGlobalSection
	GlobalSection(ExtensibilityGlobals) = postSolution
		SolutionGuid = {37E376FB-9DDD-428B-899B-58B694C1A1DD}
	EndGlobalSection
EndGlobal
