
Microsoft Visual Studio Solution File, Format Version 12.00
# Visual Studio Version 17
VisualStudioVersion = 17.6.33829.357
MinimumVisualStudioVersion = 10.0.40219.1
Project("{FAE04EC0-301F-11D3-BF4B-00C04F79EFBC}") = "Задание4_3", "Задание4_3\Задание4_3.csproj", "{DDD739F3-83E1-44FA-84CF-49D1E10D273B}"
EndProject
Global
	GlobalSection(SolutionConfigurationPlatforms) = preSolution
		Debug|Any CPU = Debug|Any CPU
		Release|Any CPU = Release|Any CPU
	EndGlobalSection
	GlobalSection(ProjectConfigurationPlatforms) = postSolution
		{DDD739F3-83E1-44FA-84CF-49D1E10D273B}.Debug|Any CPU.ActiveCfg = Debug|Any CPU
		{DDD739F3-83E1-44FA-84CF-49D1E10D273B}.Debug|Any CPU.Build.0 = Debug|Any CPU
		{DDD739F3-83E1-44FA-84CF-49D1E10D273B}.Release|Any CPU.ActiveCfg = Release|Any CPU
		{DDD739F3-83E1-44FA-84CF-49D1E10D273B}.Release|Any CPU.Build.0 = Release|Any CPU
	EndGlobalSection
	GlobalSection(SolutionProperties) = preSolution
		HideSolutionNode = FALSE
	EndGlobalSection
	GlobalSection(ExtensibilityGlobals) = postSolution
		SolutionGuid = {0BBBF6F3-FE16-4FDF-B826-61FFB1AE2078}
	EndGlobalSection
EndGlobal
