
Microsoft Visual Studio Solution File, Format Version 12.00
# Visual Studio Version 17
VisualStudioVersion = 17.6.33829.357
MinimumVisualStudioVersion = 10.0.40219.1
Project("{FAE04EC0-301F-11D3-BF4B-00C04F79EFBC}") = "Задание2_3", "Задание2_3\Задание2_3.csproj", "{5CC7B8D7-9225-4110-996E-0FBACD524CDF}"
EndProject
Global
	GlobalSection(SolutionConfigurationPlatforms) = preSolution
		Debug|Any CPU = Debug|Any CPU
		Release|Any CPU = Release|Any CPU
	EndGlobalSection
	GlobalSection(ProjectConfigurationPlatforms) = postSolution
		{5CC7B8D7-9225-4110-996E-0FBACD524CDF}.Debug|Any CPU.ActiveCfg = Debug|Any CPU
		{5CC7B8D7-9225-4110-996E-0FBACD524CDF}.Debug|Any CPU.Build.0 = Debug|Any CPU
		{5CC7B8D7-9225-4110-996E-0FBACD524CDF}.Release|Any CPU.ActiveCfg = Release|Any CPU
		{5CC7B8D7-9225-4110-996E-0FBACD524CDF}.Release|Any CPU.Build.0 = Release|Any CPU
	EndGlobalSection
	GlobalSection(SolutionProperties) = preSolution
		HideSolutionNode = FALSE
	EndGlobalSection
	GlobalSection(ExtensibilityGlobals) = postSolution
		SolutionGuid = {F1BE666A-CCA6-4289-9CE6-90D2277E7076}
	EndGlobalSection
EndGlobal
