
Microsoft Visual Studio Solution File, Format Version 12.00
# Visual Studio Version 17
VisualStudioVersion = 17.6.33829.357
MinimumVisualStudioVersion = 10.0.40219.1
Project("{FAE04EC0-301F-11D3-BF4B-00C04F79EFBC}") = "Задание7_4", "Задание7_4\Задание7_4.csproj", "{80D67DB3-757E-427D-82F5-D2899AD1554B}"
EndProject
Global
	GlobalSection(SolutionConfigurationPlatforms) = preSolution
		Debug|Any CPU = Debug|Any CPU
		Release|Any CPU = Release|Any CPU
	EndGlobalSection
	GlobalSection(ProjectConfigurationPlatforms) = postSolution
		{80D67DB3-757E-427D-82F5-D2899AD1554B}.Debug|Any CPU.ActiveCfg = Debug|Any CPU
		{80D67DB3-757E-427D-82F5-D2899AD1554B}.Debug|Any CPU.Build.0 = Debug|Any CPU
		{80D67DB3-757E-427D-82F5-D2899AD1554B}.Release|Any CPU.ActiveCfg = Release|Any CPU
		{80D67DB3-757E-427D-82F5-D2899AD1554B}.Release|Any CPU.Build.0 = Release|Any CPU
	EndGlobalSection
	GlobalSection(SolutionProperties) = preSolution
		HideSolutionNode = FALSE
	EndGlobalSection
	GlobalSection(ExtensibilityGlobals) = postSolution
		SolutionGuid = {2D7EA1EE-1FEA-4946-A2A4-951089B9A986}
	EndGlobalSection
EndGlobal
